// !$*UTF8*$!
{
	archiveVersion = 1;
	classes = {
	};
	objectVersion = 46;
	objects = {

/* Begin PBXBuildFile section */
		AF3BA3321AB364E30075F2D5 /* main.m in Sources */ = {isa = PBXBuildFile; fileRef = AF3BA3311AB364E30075F2D5 /* main.m */; };
		AF3BA3351AB364E30075F2D5 /* AppDelegate.m in Sources */ = {isa = PBXBuildFile; fileRef = AF3BA3341AB364E30075F2D5 /* AppDelegate.m */; };
		AF3BA3381AB364E30075F2D5 /* ACDSPrototype.xcdatamodeld in Sources */ = {isa = PBXBuildFile; fileRef = AF3BA3361AB364E30075F2D5 /* ACDSPrototype.xcdatamodeld */; };
		AF3BA33E1AB364E30075F2D5 /* Main.storyboard in Resources */ = {isa = PBXBuildFile; fileRef = AF3BA33C1AB364E30075F2D5 /* Main.storyboard */; };
		AF3BA3401AB364E30075F2D5 /* Images.xcassets in Resources */ = {isa = PBXBuildFile; fileRef = AF3BA33F1AB364E30075F2D5 /* Images.xcassets */; };
		AF3BA3431AB364E30075F2D5 /* LaunchScreen.xib in Resources */ = {isa = PBXBuildFile; fileRef = AF3BA3411AB364E30075F2D5 /* LaunchScreen.xib */; };
		AF3BA34F1AB364E30075F2D5 /* ACDSPrototypeTests.m in Sources */ = {isa = PBXBuildFile; fileRef = AF3BA34E1AB364E30075F2D5 /* ACDSPrototypeTests.m */; };
		AF3BA35A1AB367770075F2D5 /* AlphaViewController.m in Sources */ = {isa = PBXBuildFile; fileRef = AF3BA3591AB367770075F2D5 /* AlphaViewController.m */; };
/* End PBXBuildFile section */

/* Begin PBXContainerItemProxy section */
		AF3BA3491AB364E30075F2D5 /* PBXContainerItemProxy */ = {
			isa = PBXContainerItemProxy;
			containerPortal = AF3BA3241AB364E30075F2D5 /* Project object */;
			proxyType = 1;
			remoteGlobalIDString = AF3BA32B1AB364E30075F2D5;
			remoteInfo = ACDSPrototype;
		};
/* End PBXContainerItemProxy section */

/* Begin PBXFileReference section */
		AF3BA32C1AB364E30075F2D5 /* ACDSPrototype.app */ = {isa = PBXFileReference; explicitFileType = wrapper.application; includeInIndex = 0; path = ACDSPrototype.app; sourceTree = BUILT_PRODUCTS_DIR; };
		AF3BA3301AB364E30075F2D5 /* Info.plist */ = {isa = PBXFileReference; lastKnownFileType = text.plist.xml; path = Info.plist; sourceTree = "<group>"; };
		AF3BA3311AB364E30075F2D5 /* main.m */ = {isa = PBXFileReference; lastKnownFileType = sourcecode.c.objc; path = main.m; sourceTree = "<group>"; };
		AF3BA3331AB364E30075F2D5 /* AppDelegate.h */ = {isa = PBXFileReference; lastKnownFileType = sourcecode.c.h; path = AppDelegate.h; sourceTree = "<group>"; };
		AF3BA3341AB364E30075F2D5 /* AppDelegate.m */ = {isa = PBXFileReference; lastKnownFileType = sourcecode.c.objc; path = AppDelegate.m; sourceTree = "<group>"; };
		AF3BA3371AB364E30075F2D5 /* ACDSPrototype.xcdatamodel */ = {isa = PBXFileReference; lastKnownFileType = wrapper.xcdatamodel; path = ACDSPrototype.xcdatamodel; sourceTree = "<group>"; };
		AF3BA33D1AB364E30075F2D5 /* Base */ = {isa = PBXFileReference; lastKnownFileType = file.storyboard; name = Base; path = Base.lproj/Main.storyboard; sourceTree = "<group>"; };
		AF3BA33F1AB364E30075F2D5 /* Images.xcassets */ = {isa = PBXFileReference; lastKnownFileType = folder.assetcatalog; path = Images.xcassets; sourceTree = "<group>"; };
		AF3BA3421AB364E30075F2D5 /* Base */ = {isa = PBXFileReference; lastKnownFileType = file.xib; name = Base; path = Base.lproj/LaunchScreen.xib; sourceTree = "<group>"; };
		AF3BA3481AB364E30075F2D5 /* ACDSPrototypeTests.xctest */ = {isa = PBXFileReference; explicitFileType = wrapper.cfbundle; includeInIndex = 0; path = ACDSPrototypeTests.xctest; sourceTree = BUILT_PRODUCTS_DIR; };
		AF3BA34D1AB364E30075F2D5 /* Info.plist */ = {isa = PBXFileReference; lastKnownFileType = text.plist.xml; path = Info.plist; sourceTree = "<group>"; };
		AF3BA34E1AB364E30075F2D5 /* ACDSPrototypeTests.m */ = {isa = PBXFileReference; lastKnownFileType = sourcecode.c.objc; path = ACDSPrototypeTests.m; sourceTree = "<group>"; };
		AF3BA3581AB367770075F2D5 /* AlphaViewController.h */ = {isa = PBXFileReference; fileEncoding = 4; lastKnownFileType = sourcecode.c.h; path = AlphaViewController.h; sourceTree = "<group>"; };
		AF3BA3591AB367770075F2D5 /* AlphaViewController.m */ = {isa = PBXFileReference; fileEncoding = 4; lastKnownFileType = sourcecode.c.objc; path = AlphaViewController.m; sourceTree = "<group>"; };
/* End PBXFileReference section */

/* Begin PBXFrameworksBuildPhase section */
		AF3BA3291AB364E30075F2D5 /* Frameworks */ = {
			isa = PBXFrameworksBuildPhase;
			buildActionMask = 2147483647;
			files = (
			);
			runOnlyForDeploymentPostprocessing = 0;
		};
		AF3BA3451AB364E30075F2D5 /* Frameworks */ = {
			isa = PBXFrameworksBuildPhase;
			buildActionMask = 2147483647;
			files = (
			);
			runOnlyForDeploymentPostprocessing = 0;
		};
/* End PBXFrameworksBuildPhase section */

/* Begin PBXGroup section */
		AF3BA3231AB364E30075F2D5 = {
			isa = PBXGroup;
			children = (
				AF3BA32E1AB364E30075F2D5 /* ACDSPrototype */,
				AF3BA34B1AB364E30075F2D5 /* ACDSPrototypeTests */,
				AF3BA32D1AB364E30075F2D5 /* Products */,
			);
			sourceTree = "<group>";
		};
		AF3BA32D1AB364E30075F2D5 /* Products */ = {
			isa = PBXGroup;
			children = (
				AF3BA32C1AB364E30075F2D5 /* ACDSPrototype.app */,
				AF3BA3481AB364E30075F2D5 /* ACDSPrototypeTests.xctest */,
			);
			name = Products;
			sourceTree = "<group>";
		};
		AF3BA32E1AB364E30075F2D5 /* ACDSPrototype */ = {
			isa = PBXGroup;
			children = (
				AF3BA3331AB364E30075F2D5 /* AppDelegate.h */,
				AF3BA3341AB364E30075F2D5 /* AppDelegate.m */,
				AF3BA3581AB367770075F2D5 /* AlphaViewController.h */,
				AF3BA3591AB367770075F2D5 /* AlphaViewController.m */,
				AF3BA33C1AB364E30075F2D5 /* Main.storyboard */,
				AF3BA33F1AB364E30075F2D5 /* Images.xcassets */,
				AF3BA3411AB364E30075F2D5 /* LaunchScreen.xib */,
				AF3BA3361AB364E30075F2D5 /* ACDSPrototype.xcdatamodeld */,
				AF3BA32F1AB364E30075F2D5 /* Supporting Files */,
			);
			path = ACDSPrototype;
			sourceTree = "<group>";
		};
		AF3BA32F1AB364E30075F2D5 /* Supporting Files */ = {
			isa = PBXGroup;
			children = (
				AF3BA3301AB364E30075F2D5 /* Info.plist */,
				AF3BA3311AB364E30075F2D5 /* main.m */,
			);
			name = "Supporting Files";
			sourceTree = "<group>";
		};
		AF3BA34B1AB364E30075F2D5 /* ACDSPrototypeTests */ = {
			isa = PBXGroup;
			children = (
				AF3BA34E1AB364E30075F2D5 /* ACDSPrototypeTests.m */,
				AF3BA34C1AB364E30075F2D5 /* Supporting Files */,
			);
			path = ACDSPrototypeTests;
			sourceTree = "<group>";
		};
		AF3BA34C1AB364E30075F2D5 /* Supporting Files */ = {
			isa = PBXGroup;
			children = (
				AF3BA34D1AB364E30075F2D5 /* Info.plist */,
			);
			name = "Supporting Files";
			sourceTree = "<group>";
		};
/* End PBXGroup section */

/* Begin PBXNativeTarget section */
		AF3BA32B1AB364E30075F2D5 /* ACDSPrototype */ = {
			isa = PBXNativeTarget;
			buildConfigurationList = AF3BA3521AB364E30075F2D5 /* Build configuration list for PBXNativeTarget "ACDSPrototype" */;
			buildPhases = (
				AF3BA3281AB364E30075F2D5 /* Sources */,
				AF3BA3291AB364E30075F2D5 /* Frameworks */,
				AF3BA32A1AB364E30075F2D5 /* Resources */,
			);
			buildRules = (
			);
			dependencies = (
			);
			name = ACDSPrototype;
			productName = ACDSPrototype;
			productReference = AF3BA32C1AB364E30075F2D5 /* ACDSPrototype.app */;
			productType = "com.apple.product-type.application";
		};
		AF3BA3471AB364E30075F2D5 /* ACDSPrototypeTests */ = {
			isa = PBXNativeTarget;
			buildConfigurationList = AF3BA3551AB364E30075F2D5 /* Build configuration list for PBXNativeTarget "ACDSPrototypeTests" */;
			buildPhases = (
				AF3BA3441AB364E30075F2D5 /* Sources */,
				AF3BA3451AB364E30075F2D5 /* Frameworks */,
				AF3BA3461AB364E30075F2D5 /* Resources */,
			);
			buildRules = (
			);
			dependencies = (
				AF3BA34A1AB364E30075F2D5 /* PBXTargetDependency */,
			);
			name = ACDSPrototypeTests;
			productName = ACDSPrototypeTests;
			productReference = AF3BA3481AB364E30075F2D5 /* ACDSPrototypeTests.xctest */;
			productType = "com.apple.product-type.bundle.unit-test";
		};
/* End PBXNativeTarget section */

/* Begin PBXProject section */
		AF3BA3241AB364E30075F2D5 /* Project object */ = {
			isa = PBXProject;
			attributes = {
				LastUpgradeCheck = 0620;
				ORGANIZATIONNAME = "Mario Abruzzi";
				TargetAttributes = {
					AF3BA32B1AB364E30075F2D5 = {
						CreatedOnToolsVersion = 6.2;
					};
					AF3BA3471AB364E30075F2D5 = {
						CreatedOnToolsVersion = 6.2;
						TestTargetID = AF3BA32B1AB364E30075F2D5;
					};
				};
			};
			buildConfigurationList = AF3BA3271AB364E30075F2D5 /* Build configuration list for PBXProject "ACDSPrototype" */;
			compatibilityVersion = "Xcode 3.2";
			developmentRegion = English;
			hasScannedForEncodings = 0;
			knownRegions = (
				en,
				Base,
			);
			mainGroup = AF3BA3231AB364E30075F2D5;
			productRefGroup = AF3BA32D1AB364E30075F2D5 /* Products */;
			projectDirPath = "";
			projectRoot = "";
			targets = (
				AF3BA32B1AB364E30075F2D5 /* ACDSPrototype */,
				AF3BA3471AB364E30075F2D5 /* ACDSPrototypeTests */,
			);
		};
/* End PBXProject section */

/* Begin PBXResourcesBuildPhase section */
		AF3BA32A1AB364E30075F2D5 /* Resources */ = {
			isa = PBXResourcesBuildPhase;
			buildActionMask = 2147483647;
			files = (
				AF3BA33E1AB364E30075F2D5 /* Main.storyboard in Resources */,
				AF3BA3431AB364E30075F2D5 /* LaunchScreen.xib in Resources */,
				AF3BA3401AB364E30075F2D5 /* Images.xcassets in Resources */,
			);
			runOnlyForDeploymentPostprocessing = 0;
		};
		AF3BA3461AB364E30075F2D5 /* Resources */ = {
			isa = PBXResourcesBuildPhase;
			buildActionMask = 2147483647;
			files = (
			);
			runOnlyForDeploymentPostprocessing = 0;
		};
/* End PBXResourcesBuildPhase section */

/* Begin PBXSourcesBuildPhase section */
		AF3BA3281AB364E30075F2D5 /* Sources */ = {
			isa = PBXSourcesBuildPhase;
			buildActionMask = 2147483647;
			files = (
				AF3BA3351AB364E30075F2D5 /* AppDelegate.m in Sources */,
				AF3BA35A1AB367770075F2D5 /* AlphaViewController.m in Sources */,
				AF3BA3321AB364E30075F2D5 /* main.m in Sources */,
				AF3BA3381AB364E30075F2D5 /* ACDSPrototype.xcdatamodeld in Sources */,
			);
			runOnlyForDeploymentPostprocessing = 0;
		};
		AF3BA3441AB364E30075F2D5 /* Sources */ = {
			isa = PBXSourcesBuildPhase;
			buildActionMask = 2147483647;
			files = (
				AF3BA34F1AB364E30075F2D5 /* ACDSPrototypeTests.m in Sources */,
			);
			runOnlyForDeploymentPostprocessing = 0;
		};
/* End PBXSourcesBuildPhase section */

/* Begin PBXTargetDependency section */
		AF3BA34A1AB364E30075F2D5 /* PBXTargetDependency */ = {
			isa = PBXTargetDependency;
			target = AF3BA32B1AB364E30075F2D5 /* ACDSPrototype */;
			targetProxy = AF3BA3491AB364E30075F2D5 /* PBXContainerItemProxy */;
		};
/* End PBXTargetDependency section */

/* Begin PBXVariantGroup section */
		AF3BA33C1AB364E30075F2D5 /* Main.storyboard */ = {
			isa = PBXVariantGroup;
			children = (
				AF3BA33D1AB364E30075F2D5 /* Base */,
			);
			name = Main.storyboard;
			sourceTree = "<group>";
		};
		AF3BA3411AB364E30075F2D5 /* LaunchScreen.xib */ = {
			isa = PBXVariantGroup;
			children = (
				AF3BA3421AB364E30075F2D5 /* Base */,
			);
			name = LaunchScreen.xib;
			sourceTree = "<group>";
		};
/* End PBXVariantGroup section */

/* Begin XCBuildConfiguration section */
		AF3BA3501AB364E30075F2D5 /* Debug */ = {
			isa = XCBuildConfiguration;
			buildSettings = {
				ALWAYS_SEARCH_USER_PATHS = NO;
				CLANG_CXX_LANGUAGE_STANDARD = "gnu++0x";
				CLANG_CXX_LIBRARY = "libc++";
				CLANG_ENABLE_MODULES = YES;
				CLANG_ENABLE_OBJC_ARC = YES;
				CLANG_WARN_BOOL_CONVERSION = YES;
				CLANG_WARN_CONSTANT_CONVERSION = YES;
				CLANG_WARN_DIRECT_OBJC_ISA_USAGE = YES_ERROR;
				CLANG_WARN_EMPTY_BODY = YES;
				CLANG_WARN_ENUM_CONVERSION = YES;
				CLANG_WARN_INT_CONVERSION = YES;
				CLANG_WARN_OBJC_ROOT_CLASS = YES_ERROR;
				CLANG_WARN_UNREACHABLE_CODE = YES;
				CLANG_WARN__DUPLICATE_METHOD_MATCH = YES;
				"CODE_SIGN_IDENTITY[sdk=iphoneos*]" = "iPhone Developer";
				COPY_PHASE_STRIP = NO;
				ENABLE_STRICT_OBJC_MSGSEND = YES;
				GCC_C_LANGUAGE_STANDARD = gnu99;
				GCC_DYNAMIC_NO_PIC = NO;
				GCC_OPTIMIZATION_LEVEL = 0;
				GCC_PREPROCESSOR_DEFINITIONS = (
					"DEBUG=1",
					"$(inherited)",
				);
				GCC_SYMBOLS_PRIVATE_EXTERN = NO;
				GCC_WARN_64_TO_32_BIT_CONVERSION = YES;
				GCC_WARN_ABOUT_RETURN_TYPE = YES_ERROR;
				GCC_WARN_UNDECLARED_SELECTOR = YES;
				GCC_WARN_UNINITIALIZED_AUTOS = YES_AGGRESSIVE;
				GCC_WARN_UNUSED_FUNCTION = YES;
				GCC_WARN_UNUSED_VARIABLE = YES;
				IPHONEOS_DEPLOYMENT_TARGET = 8.2;
				MTL_ENABLE_DEBUG_INFO = YES;
				ONLY_ACTIVE_ARCH = YES;
				SDKROOT = iphoneos;
				TARGETED_DEVICE_FAMILY = "1,2";
			};
			name = Debug;
		};
		AF3BA3511AB364E30075F2D5 /* Release */ = {
			isa = XCBuildConfiguration;
			buildSettings = {
				ALWAYS_SEARCH_USER_PATHS = NO;
				CLANG_CXX_LANGUAGE_STANDARD = "gnu++0x";
				CLANG_CXX_LIBRARY = "libc++";
				CLANG_ENABLE_MODULES = YES;
				CLANG_ENABLE_OBJC_ARC = YES;
				CLANG_WARN_BOOL_CONVERSION = YES;
				CLANG_WARN_CONSTANT_CONVERSION = YES;
				CLANG_WARN_DIRECT_OBJC_ISA_USAGE = YES_ERROR;
				CLANG_WARN_EMPTY_BODY = YES;
				CLANG_WARN_ENUM_CONVERSION = YES;
				CLANG_WARN_INT_CONVERSION = YES;
				CLANG_WARN_OBJC_ROOT_CLASS = YES_ERROR;
				CLANG_WARN_UNREACHABLE_CODE = YES;
				CLANG_WARN__DUPLICATE_METHOD_MATCH = YES;
				"CODE_SIGN_IDENTITY[sdk=iphoneos*]" = "iPhone Developer";
				COPY_PHASE_STRIP = NO;
				ENABLE_NS_ASSERTIONS = NO;
				ENABLE_STRICT_OBJC_MSGSEND = YES;
				GCC_C_LANGUAGE_STANDARD = gnu99;
				GCC_WARN_64_TO_32_BIT_CONVERSION = YES;
				GCC_WARN_ABOUT_RETURN_TYPE = YES_ERROR;
				GCC_WARN_UNDECLARED_SELECTOR = YES;
				GCC_WARN_UNINITIALIZED_AUTOS = YES_AGGRESSIVE;
				GCC_WARN_UNUSED_FUNCTION = YES;
				GCC_WARN_UNUSED_VARIABLE = YES;
				IPHONEOS_DEPLOYMENT_TARGET = 8.2;
				MTL_ENABLE_DEBUG_INFO = NO;
				SDKROOT = iphoneos;
				TARGETED_DEVICE_FAMILY = "1,2";
				VALIDATE_PRODUCT = YES;
			};
			name = Release;
		};
		AF3BA3531AB364E30075F2D5 /* Debug */ = {
			isa = XCBuildConfiguration;
			buildSettings = {
				ASSETCATALOG_COMPILER_APPICON_NAME = AppIcon;
				INFOPLIST_FILE = ACDSPrototype/Info.plist;
				LD_RUNPATH_SEARCH_PATHS = "$(inherited) @executable_path/Frameworks";
				PRODUCT_NAME = "$(TARGET_NAME)";
			};
			name = Debug;
		};
		AF3BA3541AB364E30075F2D5 /* Release */ = {
			isa = XCBuildConfiguration;
			buildSettings = {
				ASSETCATALOG_COMPILER_APPICON_NAME = AppIcon;
				INFOPLIST_FILE = ACDSPrototype/Info.plist;
				LD_RUNPATH_SEARCH_PATHS = "$(inherited) @executable_path/Frameworks";
				PRODUCT_NAME = "$(TARGET_NAME)";
			};
			name = Release;
		};
		AF3BA3561AB364E30075F2D5 /* Debug */ = {
			isa = XCBuildConfiguration;
			buildSettings = {
				BUNDLE_LOADER = "$(TEST_HOST)";
				FRAMEWORK_SEARCH_PATHS = (
					"$(SDKROOT)/Developer/Library/Frameworks",
					"$(inherited)",
				);
				GCC_PREPROCESSOR_DEFINITIONS = (
					"DEBUG=1",
					"$(inherited)",
				);
				INFOPLIST_FILE = ACDSPrototypeTests/Info.plist;
				LD_RUNPATH_SEARCH_PATHS = "$(inherited) @executable_path/Frameworks @loader_path/Frameworks";
				PRODUCT_NAME = "$(TARGET_NAME)";
				TEST_HOST = "$(BUILT_PRODUCTS_DIR)/ACDSPrototype.app/ACDSPrototype";
			};
			name = Debug;
		};
		AF3BA3571AB364E30075F2D5 /* Release */ = {
			isa = XCBuildConfiguration;
			buildSettings = {
				BUNDLE_LOADER = "$(TEST_HOST)";
				FRAMEWORK_SEARCH_PATHS = (
					"$(SDKROOT)/Developer/Library/Frameworks",
					"$(inherited)",
				);
				INFOPLIST_FILE = ACDSPrototypeTests/Info.plist;
				LD_RUNPATH_SEARCH_PATHS = "$(inherited) @executable_path/Frameworks @loader_path/Frameworks";
				PRODUCT_NAME = "$(TARGET_NAME)";
				TEST_HOST = "$(BUILT_PRODUCTS_DIR)/ACDSPrototype.app/ACDSPrototype";
			};
			name = Release;
		};
/* End XCBuildConfiguration section */

/* Begin XCConfigurationList section */
		AF3BA3271AB364E30075F2D5 /* Build configuration list for PBXProject "ACDSPrototype" */ = {
			isa = XCConfigurationList;
			buildConfigurations = (
				AF3BA3501AB364E30075F2D5 /* Debug */,
				AF3BA3511AB364E30075F2D5 /* Release */,
			);
			defaultConfigurationIsVisible = 0;
			defaultConfigurationName = Release;
		};
		AF3BA3521AB364E30075F2D5 /* Build configuration list for PBXNativeTarget "ACDSPrototype" */ = {
			isa = XCConfigurationList;
			buildConfigurations = (
				AF3BA3531AB364E30075F2D5 /* Debug */,
				AF3BA3541AB364E30075F2D5 /* Release */,
			);
			defaultConfigurationIsVisible = 0;
			defaultConfigurationName = Release;
		};
		AF3BA3551AB364E30075F2D5 /* Build configuration list for PBXNativeTarget "ACDSPrototypeTests" */ = {
			isa = XCConfigurationList;
			buildConfigurations = (
				AF3BA3561AB364E30075F2D5 /* Debug */,
				AF3BA3571AB364E30075F2D5 /* Release */,
			);
			defaultConfigurationIsVisible = 0;
			defaultConfigurationName = Release;
		};
/* End XCConfigurationList section */

/* Begin XCVersionGroup section */
		AF3BA3361AB364E30075F2D5 /* ACDSPrototype.xcdatamodeld */ = {
			isa = XCVersionGroup;
			children = (
				AF3BA3371AB364E30075F2D5 /* ACDSPrototype.xcdatamodel */,
			);
			currentVersion = AF3BA3371AB364E30075F2D5 /* ACDSPrototype.xcdatamodel */;
			path = ACDSPrototype.xcdatamodeld;
			sourceTree = "<group>";
			versionGroupType = wrapper.xcdatamodel;
		};
/* End XCVersionGroup section */
	};
	rootObject = AF3BA3241AB364E30075F2D5 /* Project object */;
}
